
Microsoft Visual Studio Solution File, Format Version 12.00
# Visual Studio Version 16
VisualStudioVersion = 16.0.30907.101
MinimumVisualStudioVersion = 10.0.40219.1
Project("{8BC9CEB8-8B4A-11D0-8D11-00A0C91BC942}") = "VTK", "VTK.vcxproj", "{D4FB637C-0B40-4BAB-8F4C-6C4C889EAD63}"
EndProject
Global
	GlobalSection(SolutionConfigurationPlatforms) = preSolution
		Debug|x64 = Debug|x64
		Release|x64 = Release|x64
	EndGlobalSection
	GlobalSection(ProjectConfigurationPlatforms) = postSolution
		{D4FB637C-0B40-4BAB-8F4C-6C4C889EAD63}.Debug|x64.ActiveCfg = Debug|x64
		{D4FB637C-0B40-4BAB-8F4C-6C4C889EAD63}.Debug|x64.Build.0 = Debug|x64
		{D4FB637C-0B40-4BAB-8F4C-6C4C889EAD63}.Release|x64.ActiveCfg = Release|x64
		{D4FB637C-0B40-4BAB-8F4C-6C4C889EAD63}.Release|x64.Build.0 = Release|x64
	EndGlobalSection
	GlobalSection(SolutionProperties) = preSolution
		HideSolutionNode = FALSE
	EndGlobalSection
	GlobalSection(ExtensibilityGlobals) = postSolution
		SolutionGuid = {4A5C767D-809B-4936-BED4-41CCFAB1D5B0}
	EndGlobalSection
EndGlobal
